PODS:
  - Capacitor (6.2.0):
    - CapacitorCordova
  - CapacitorCordova (6.2.0)

DEPENDENCIES:
  - "Capacitor (from `../../node_modules/@capacitor/ios`)"
  - "CapacitorCordova (from `../../node_modules/@capacitor/ios`)"

EXTERNAL SOURCES:
  Capacitor:
    :path: "../../node_modules/@capacitor/ios"
  CapacitorCordova:
    :path: "../../node_modules/@capacitor/ios"

SPEC CHECKSUMS:
  Capacitor: 05d35014f4425b0740fc8776481f6a369ad071bf
  CapacitorCordova: b33e7f4aa4ed105dd43283acdd940964374a87d9

PODFILE CHECKSUM: 8ab55909c5de2b217f9841e5e5b329f5ec901553

COCOAPODS: 1.16.2
